// !$*UTF8*$!
{
	archiveVersion = 1;
	classes = {
	};
	objectVersion = 50;
	objects = {

/* Begin PBXBuildFile section */
		1245CC311737F7F4811A7736 /* Pods_GBP.framework in Frameworks */ = {isa = PBXBuildFile; fileRef = 616861B166953D076C672467 /* Pods_GBP.framework */; };
		E800847B2213E900007F9561 /* LikedPetsTableViewController.swift in Sources */ = {isa = PBXBuildFile; fileRef = E800847A2213E900007F9561 /* LikedPetsTableViewController.swift */; };
		E800FC74221C13A200E9CD6C /* GBPTests.swift in Sources */ = {isa = PBXBuildFile; fileRef = E800FC73221C13A200E9CD6C /* GBPTests.swift */; };
		E802F85922117D3300CC4078 /* tokenSaver.swift in Sources */ = {isa = PBXBuildFile; fileRef = E802F85822117D3300CC4078 /* tokenSaver.swift */; };
		E803243D2216CE3900776C99 /* AlamofireWrapper.swift in Sources */ = {isa = PBXBuildFile; fileRef = E803243C2216CE3900776C99 /* AlamofireWrapper.swift */; };
		E815D99B2212D9A4000E43D6 /* Card.swift in Sources */ = {isa = PBXBuildFile; fileRef = E815D99A2212D9A4000E43D6 /* Card.swift */; };
		E815D99D2212E461000E43D6 /* Card.xib in Resources */ = {isa = PBXBuildFile; fileRef = E815D99C2212E461000E43D6 /* Card.xib */; };
		E815D99F2212E640000E43D6 /* SwipeViewController.swift in Sources */ = {isa = PBXBuildFile; fileRef = E815D99E2212E640000E43D6 /* SwipeViewController.swift */; };
		E849F4FB220EB12300938585 /* AppDelegate.swift in Sources */ = {isa = PBXBuildFile; fileRef = E849F4FA220EB12300938585 /* AppDelegate.swift */; };
		E849F4FD220EB12300938585 /* ViewController.swift in Sources */ = {isa = PBXBuildFile; fileRef = E849F4FC220EB12300938585 /* ViewController.swift */; };
		E849F500220EB12300938585 /* Main.storyboard in Resources */ = {isa = PBXBuildFile; fileRef = E849F4FE220EB12300938585 /* Main.storyboard */; };
		E849F502220EB12400938585 /* Assets.xcassets in Resources */ = {isa = PBXBuildFile; fileRef = E849F501220EB12400938585 /* Assets.xcassets */; };
		E849F505220EB12400938585 /* LaunchScreen.storyboard in Resources */ = {isa = PBXBuildFile; fileRef = E849F503220EB12400938585 /* LaunchScreen.storyboard */; };
		E86E099622142E1100B089D4 /* LikedCards.swift in Sources */ = {isa = PBXBuildFile; fileRef = E86E099522142E1100B089D4 /* LikedCards.swift */; };
		E8CC446222128F3800A157A8 /* imageRetreival.swift in Sources */ = {isa = PBXBuildFile; fileRef = E8CC446122128F3800A157A8 /* imageRetreival.swift */; };
/* End PBXBuildFile section */

/* Begin PBXContainerItemProxy section */
		E800FC76221C13A200E9CD6C /* PBXContainerItemProxy */ = {
			isa = PBXContainerItemProxy;
			containerPortal = E849F4EF220EB12300938585 /* Project object */;
			proxyType = 1;
			remoteGlobalIDString = E849F4F6220EB12300938585;
			remoteInfo = GBP;
		};
/* End PBXContainerItemProxy section */

/* Begin PBXFileReference section */
		57AE94A6BDC35D52B6BA4531 /* Pods-GBP.debug.xcconfig */ = {isa = PBXFileReference; includeInIndex = 1; lastKnownFileType = text.xcconfig; name = "Pods-GBP.debug.xcconfig"; path = "Target Support Files/Pods-GBP/Pods-GBP.debug.xcconfig"; sourceTree = "<group>"; };
		616861B166953D076C672467 /* Pods_GBP.framework */ = {isa = PBXFileReference; explicitFileType = wrapper.framework; includeInIndex = 0; path = Pods_GBP.framework; sourceTree = BUILT_PRODUCTS_DIR; };
		8ECFE02D3FA7F2C2FC01AF2E /* Pods-GBP.release.xcconfig */ = {isa = PBXFileReference; includeInIndex = 1; lastKnownFileType = text.xcconfig; name = "Pods-GBP.release.xcconfig"; path = "Target Support Files/Pods-GBP/Pods-GBP.release.xcconfig"; sourceTree = "<group>"; };
		E800847A2213E900007F9561 /* LikedPetsTableViewController.swift */ = {isa = PBXFileReference; lastKnownFileType = sourcecode.swift; path = LikedPetsTableViewController.swift; sourceTree = "<group>"; };
		E800FC71221C13A200E9CD6C /* GBPTests.xctest */ = {isa = PBXFileReference; explicitFileType = wrapper.cfbundle; includeInIndex = 0; path = GBPTests.xctest; sourceTree = BUILT_PRODUCTS_DIR; };
		E800FC73221C13A200E9CD6C /* GBPTests.swift */ = {isa = PBXFileReference; lastKnownFileType = sourcecode.swift; path = GBPTests.swift; sourceTree = "<group>"; };
		E800FC75221C13A200E9CD6C /* Info.plist */ = {isa = PBXFileReference; lastKnownFileType = text.plist.xml; path = Info.plist; sourceTree = "<group>"; };
		E802F85822117D3300CC4078 /* tokenSaver.swift */ = {isa = PBXFileReference; lastKnownFileType = sourcecode.swift; path = tokenSaver.swift; sourceTree = "<group>"; };
		E803243C2216CE3900776C99 /* AlamofireWrapper.swift */ = {isa = PBXFileReference; lastKnownFileType = sourcecode.swift; path = AlamofireWrapper.swift; sourceTree = "<group>"; };
		E815D99A2212D9A4000E43D6 /* Card.swift */ = {isa = PBXFileReference; fileEncoding = 4; lastKnownFileType = sourcecode.swift; name = Card.swift; path = "../../Poi-master 2/Example/View/Card.swift"; sourceTree = "<group>"; };
		E815D99C2212E461000E43D6 /* Card.xib */ = {isa = PBXFileReference; fileEncoding = 4; lastKnownFileType = file.xib; path = Card.xib; sourceTree = "<group>"; };
		E815D99E2212E640000E43D6 /* SwipeViewController.swift */ = {isa = PBXFileReference; lastKnownFileType = sourcecode.swift; path = SwipeViewController.swift; sourceTree = "<group>"; };
		E849F4F7220EB12300938585 /* GBP.app */ = {isa = PBXFileReference; explicitFileType = wrapper.application; includeInIndex = 0; path = GBP.app; sourceTree = BUILT_PRODUCTS_DIR; };
		E849F4FA220EB12300938585 /* AppDelegate.swift */ = {isa = PBXFileReference; lastKnownFileType = sourcecode.swift; path = AppDelegate.swift; sourceTree = "<group>"; };
		E849F4FC220EB12300938585 /* ViewController.swift */ = {isa = PBXFileReference; lastKnownFileType = sourcecode.swift; path = ViewController.swift; sourceTree = "<group>"; };
		E849F4FF220EB12300938585 /* Base */ = {isa = PBXFileReference; lastKnownFileType = file.storyboard; name = Base; path = Base.lproj/Main.storyboard; sourceTree = "<group>"; };
		E849F501220EB12400938585 /* Assets.xcassets */ = {isa = PBXFileReference; lastKnownFileType = folder.assetcatalog; path = Assets.xcassets; sourceTree = "<group>"; };
		E849F504220EB12400938585 /* Base */ = {isa = PBXFileReference; lastKnownFileType = file.storyboard; name = Base; path = Base.lproj/LaunchScreen.storyboard; sourceTree = "<group>"; };
		E849F506220EB12400938585 /* Info.plist */ = {isa = PBXFileReference; lastKnownFileType = text.plist.xml; path = Info.plist; sourceTree = "<group>"; };
		E86E099522142E1100B089D4 /* LikedCards.swift */ = {isa = PBXFileReference; lastKnownFileType = sourcecode.swift; path = LikedCards.swift; sourceTree = "<group>"; };
		E8CC446122128F3800A157A8 /* imageRetreival.swift */ = {isa = PBXFileReference; lastKnownFileType = sourcecode.swift; path = imageRetreival.swift; sourceTree = "<group>"; };
/* End PBXFileReference section */

/* Begin PBXFrameworksBuildPhase section */
		E800FC6E221C13A200E9CD6C /* Frameworks */ = {
			isa = PBXFrameworksBuildPhase;
			buildActionMask = 2147483647;
			files = (
			);
			runOnlyForDeploymentPostprocessing = 0;
		};
		E849F4F4220EB12300938585 /* Frameworks */ = {
			isa = PBXFrameworksBuildPhase;
			buildActionMask = 2147483647;
			files = (
				1245CC311737F7F4811A7736 /* Pods_GBP.framework in Frameworks */,
			);
			runOnlyForDeploymentPostprocessing = 0;
		};
/* End PBXFrameworksBuildPhase section */

/* Begin PBXGroup section */
		0076706AC248FE9E6B0217B8 /* Frameworks */ = {
			isa = PBXGroup;
			children = (
				616861B166953D076C672467 /* Pods_GBP.framework */,
			);
			name = Frameworks;
			sourceTree = "<group>";
		};
		5AD4FE10DD0A39049F1855F3 /* Pods */ = {
			isa = PBXGroup;
			children = (
				57AE94A6BDC35D52B6BA4531 /* Pods-GBP.debug.xcconfig */,
				8ECFE02D3FA7F2C2FC01AF2E /* Pods-GBP.release.xcconfig */,
			);
			path = Pods;
			sourceTree = "<group>";
		};
		E800FC72221C13A200E9CD6C /* GBPTests */ = {
			isa = PBXGroup;
			children = (
				E800FC73221C13A200E9CD6C /* GBPTests.swift */,
				E800FC75221C13A200E9CD6C /* Info.plist */,
			);
			path = GBPTests;
			sourceTree = "<group>";
		};
		E849F4EE220EB12300938585 = {
			isa = PBXGroup;
			children = (
				E849F4F9220EB12300938585 /* GBP */,
				E800FC72221C13A200E9CD6C /* GBPTests */,
				E849F4F8220EB12300938585 /* Products */,
				5AD4FE10DD0A39049F1855F3 /* Pods */,
				0076706AC248FE9E6B0217B8 /* Frameworks */,
			);
			sourceTree = "<group>";
		};
		E849F4F8220EB12300938585 /* Products */ = {
			isa = PBXGroup;
			children = (
				E849F4F7220EB12300938585 /* GBP.app */,
				E800FC71221C13A200E9CD6C /* GBPTests.xctest */,
			);
			name = Products;
			sourceTree = "<group>";
		};
		E849F4F9220EB12300938585 /* GBP */ = {
			isa = PBXGroup;
			children = (
				E849F4FA220EB12300938585 /* AppDelegate.swift */,
				E815D99A2212D9A4000E43D6 /* Card.swift */,
				E815D99C2212E461000E43D6 /* Card.xib */,
				E849F4FC220EB12300938585 /* ViewController.swift */,
				E803243C2216CE3900776C99 /* AlamofireWrapper.swift */,
				E815D99E2212E640000E43D6 /* SwipeViewController.swift */,
				E800847A2213E900007F9561 /* LikedPetsTableViewController.swift */,
				E802F85822117D3300CC4078 /* tokenSaver.swift */,
				E8CC446122128F3800A157A8 /* imageRetreival.swift */,
				E849F4FE220EB12300938585 /* Main.storyboard */,
				E86E099522142E1100B089D4 /* LikedCards.swift */,
				E849F501220EB12400938585 /* Assets.xcassets */,
				E849F503220EB12400938585 /* LaunchScreen.storyboard */,
				E849F506220EB12400938585 /* Info.plist */,
			);
			path = GBP;
			sourceTree = "<group>";
		};
/* End PBXGroup section */

/* Begin PBXNativeTarget section */
		E800FC70221C13A200E9CD6C /* GBPTests */ = {
			isa = PBXNativeTarget;
			buildConfigurationList = E800FC7A221C13A200E9CD6C /* Build configuration list for PBXNativeTarget "GBPTests" */;
			buildPhases = (
				E800FC6D221C13A200E9CD6C /* Sources */,
				E800FC6E221C13A200E9CD6C /* Frameworks */,
				E800FC6F221C13A200E9CD6C /* Resources */,
			);
			buildRules = (
			);
			dependencies = (
				E800FC77221C13A200E9CD6C /* PBXTargetDependency */,
			);
			name = GBPTests;
			productName = GBPTests;
			productReference = E800FC71221C13A200E9CD6C /* GBPTests.xctest */;
			productType = "com.apple.product-type.bundle.unit-test";
		};
		E849F4F6220EB12300938585 /* GBP */ = {
			isa = PBXNativeTarget;
			buildConfigurationList = E849F509220EB12400938585 /* Build configuration list for PBXNativeTarget "GBP" */;
			buildPhases = (
				2D2DF96272B4470772157BBE /* [CP] Check Pods Manifest.lock */,
				E849F4F3220EB12300938585 /* Sources */,
				E849F4F4220EB12300938585 /* Frameworks */,
				E849F4F5220EB12300938585 /* Resources */,
				51D949A39CDA2AEC2593B60E /* [CP] Embed Pods Frameworks */,
			);
			buildRules = (
			);
			dependencies = (
			);
			name = GBP;
			productName = GBP;
			productReference = E849F4F7220EB12300938585 /* GBP.app */;
			productType = "com.apple.product-type.application";
		};
/* End PBXNativeTarget section */

/* Begin PBXProject section */
		E849F4EF220EB12300938585 /* Project object */ = {
			isa = PBXProject;
			attributes = {
				LastSwiftUpdateCheck = 1010;
				LastUpgradeCheck = 1010;
				ORGANIZATIONNAME = Nineleaps;
				TargetAttributes = {
					E800FC70221C13A200E9CD6C = {
						CreatedOnToolsVersion = 10.1;
						TestTargetID = E849F4F6220EB12300938585;
					};
					E849F4F6220EB12300938585 = {
						CreatedOnToolsVersion = 10.1;
					};
				};
			};
			buildConfigurationList = E849F4F2220EB12300938585 /* Build configuration list for PBXProject "GBP" */;
			compatibilityVersion = "Xcode 9.3";
			developmentRegion = en;
			hasScannedForEncodings = 0;
			knownRegions = (
				en,
				Base,
			);
			mainGroup = E849F4EE220EB12300938585;
			productRefGroup = E849F4F8220EB12300938585 /* Products */;
			projectDirPath = "";
			projectRoot = "";
			targets = (
				E849F4F6220EB12300938585 /* GBP */,
				E800FC70221C13A200E9CD6C /* GBPTests */,
			);
		};
/* End PBXProject section */

/* Begin PBXResourcesBuildPhase section */
		E800FC6F221C13A200E9CD6C /* Resources */ = {
			isa = PBXResourcesBuildPhase;
			buildActionMask = 2147483647;
			files = (
			);
			runOnlyForDeploymentPostprocessing = 0;
		};
		E849F4F5220EB12300938585 /* Resources */ = {
			isa = PBXResourcesBuildPhase;
			buildActionMask = 2147483647;
			files = (
				E849F505220EB12400938585 /* LaunchScreen.storyboard in Resources */,
				E815D99D2212E461000E43D6 /* Card.xib in Resources */,
				E849F502220EB12400938585 /* Assets.xcassets in Resources */,
				E849F500220EB12300938585 /* Main.storyboard in Resources */,
			);
			runOnlyForDeploymentPostprocessing = 0;
		};
/* End PBXResourcesBuildPhase section */

/* Begin PBXShellScriptBuildPhase section */
		2D2DF96272B4470772157BBE /* [CP] Check Pods Manifest.lock */ = {
			isa = PBXShellScriptBuildPhase;
			buildActionMask = 2147483647;
			files = (
			);
			inputFileListPaths = (
			);
			inputPaths = (
				"${PODS_PODFILE_DIR_PATH}/Podfile.lock",
				"${PODS_ROOT}/Manifest.lock",
			);
			name = "[CP] Check Pods Manifest.lock";
			outputFileListPaths = (
			);
			outputPaths = (
				"$(DERIVED_FILE_DIR)/Pods-GBP-checkManifestLockResult.txt",
			);
			runOnlyForDeploymentPostprocessing = 0;
			shellPath = /bin/sh;
			shellScript = "diff \"${PODS_PODFILE_DIR_PATH}/Podfile.lock\" \"${PODS_ROOT}/Manifest.lock\" > /dev/null\nif [ $? != 0 ] ; then\n    # print error to STDERR\n    echo \"error: The sandbox is not in sync with the Podfile.lock. Run 'pod install' or update your CocoaPods installation.\" >&2\n    exit 1\nfi\n# This output is used by Xcode 'outputs' to avoid re-running this script phase.\necho \"SUCCESS\" > \"${SCRIPT_OUTPUT_FILE_0}\"\n";
			showEnvVarsInLog = 0;
		};
		51D949A39CDA2AEC2593B60E /* [CP] Embed Pods Frameworks */ = {
			isa = PBXShellScriptBuildPhase;
			buildActionMask = 2147483647;
			files = (
			);
			inputFileListPaths = (
			);
			inputPaths = (
				"${PODS_ROOT}/Target Support Files/Pods-GBP/Pods-GBP-frameworks.sh",
				"${BUILT_PRODUCTS_DIR}/Alamofire/Alamofire.framework",
				"${BUILT_PRODUCTS_DIR}/AlamofireObjectMapper/AlamofireObjectMapper.framework",
				"${BUILT_PRODUCTS_DIR}/IQKeyboardManagerSwift/IQKeyboardManagerSwift.framework",
				"${BUILT_PRODUCTS_DIR}/Kingfisher/Kingfisher.framework",
				"${BUILT_PRODUCTS_DIR}/ObjectMapper/ObjectMapper.framework",
				"${BUILT_PRODUCTS_DIR}/Poi/Poi.framework",
				"${BUILT_PRODUCTS_DIR}/SwiftKeychainWrapper/SwiftKeychainWrapper.framework",
			);
			name = "[CP] Embed Pods Frameworks";
			outputFileListPaths = (
			);
			outputPaths = (
				"${TARGET_BUILD_DIR}/${FRAMEWORKS_FOLDER_PATH}/Alamofire.framework",
				"${TARGET_BUILD_DIR}/${FRAMEWORKS_FOLDER_PATH}/AlamofireObjectMapper.framework",
				"${TARGET_BUILD_DIR}/${FRAMEWORKS_FOLDER_PATH}/IQKeyboardManagerSwift.framework",
				"${TARGET_BUILD_DIR}/${FRAMEWORKS_FOLDER_PATH}/Kingfisher.framework",
				"${TARGET_BUILD_DIR}/${FRAMEWORKS_FOLDER_PATH}/ObjectMapper.framework",
				"${TARGET_BUILD_DIR}/${FRAMEWORKS_FOLDER_PATH}/Poi.framework",
				"${TARGET_BUILD_DIR}/${FRAMEWORKS_FOLDER_PATH}/SwiftKeychainWrapper.framework",
			);
			runOnlyForDeploymentPostprocessing = 0;
			shellPath = /bin/sh;
			shellScript = "\"${PODS_ROOT}/Target Support Files/Pods-GBP/Pods-GBP-frameworks.sh\"\n";
			showEnvVarsInLog = 0;
		};
/* End PBXShellScriptBuildPhase section */

/* Begin PBXSourcesBuildPhase section */
		E800FC6D221C13A200E9CD6C /* Sources */ = {
			isa = PBXSourcesBuildPhase;
			buildActionMask = 2147483647;
			files = (
				E800FC74221C13A200E9CD6C /* GBPTests.swift in Sources */,
			);
			runOnlyForDeploymentPostprocessing = 0;
		};
		E849F4F3220EB12300938585 /* Sources */ = {
			isa = PBXSourcesBuildPhase;
			buildActionMask = 2147483647;
			files = (
				E849F4FD220EB12300938585 /* ViewController.swift in Sources */,
				E8CC446222128F3800A157A8 /* imageRetreival.swift in Sources */,
				E815D99B2212D9A4000E43D6 /* Card.swift in Sources */,
				E849F4FB220EB12300938585 /* AppDelegate.swift in Sources */,
				E802F85922117D3300CC4078 /* tokenSaver.swift in Sources */,
				E800847B2213E900007F9561 /* LikedPetsTableViewController.swift in Sources */,
				E86E099622142E1100B089D4 /* LikedCards.swift in Sources */,
				E815D99F2212E640000E43D6 /* SwipeViewController.swift in Sources */,
				E803243D2216CE3900776C99 /* AlamofireWrapper.swift in Sources */,
			);
			runOnlyForDeploymentPostprocessing = 0;
		};
/* End PBXSourcesBuildPhase section */

/* Begin PBXTargetDependency section */
		E800FC77221C13A200E9CD6C /* PBXTargetDependency */ = {
			isa = PBXTargetDependency;
			target = E849F4F6220EB12300938585 /* GBP */;
			targetProxy = E800FC76221C13A200E9CD6C /* PBXContainerItemProxy */;
		};
/* End PBXTargetDependency section */

/* Begin PBXVariantGroup section */
		E849F4FE220EB12300938585 /* Main.storyboard */ = {
			isa = PBXVariantGroup;
			children = (
				E849F4FF220EB12300938585 /* Base */,
			);
			name = Main.storyboard;
			sourceTree = "<group>";
		};
		E849F503220EB12400938585 /* LaunchScreen.storyboard */ = {
			isa = PBXVariantGroup;
			children = (
				E849F504220EB12400938585 /* Base */,
			);
			name = LaunchScreen.storyboard;
			sourceTree = "<group>";
		};
/* End PBXVariantGroup section */

/* Begin XCBuildConfiguration section */
		E800FC78221C13A200E9CD6C /* Debug */ = {
			isa = XCBuildConfiguration;
			buildSettings = {
				BUNDLE_LOADER = "$(TEST_HOST)";
				CODE_SIGN_STYLE = Automatic;
				INFOPLIST_FILE = GBPTests/Info.plist;
				LD_RUNPATH_SEARCH_PATHS = (
					"$(inherited)",
					"@executable_path/Frameworks",
					"@loader_path/Frameworks",
				);
				PRODUCT_BUNDLE_IDENTIFIER = com.Nineleaps.GBPTests;
				PRODUCT_NAME = "$(TARGET_NAME)";
				SWIFT_VERSION = 4.2;
				TARGETED_DEVICE_FAMILY = "1,2";
				TEST_HOST = "$(BUILT_PRODUCTS_DIR)/GBP.app/GBP";
			};
			name = Debug;
		};
		E800FC79221C13A200E9CD6C /* Release */ = {
			isa = XCBuildConfiguration;
			buildSettings = {
				BUNDLE_LOADER = "$(TEST_HOST)";
				CODE_SIGN_STYLE = Automatic;
				INFOPLIST_FILE = GBPTests/Info.plist;
				LD_RUNPATH_SEARCH_PATHS = (
					"$(inherited)",
					"@executable_path/Frameworks",
					"@loader_path/Frameworks",
				);
				PRODUCT_BUNDLE_IDENTIFIER = com.Nineleaps.GBPTests;
				PRODUCT_NAME = "$(TARGET_NAME)";
				SWIFT_VERSION = 4.2;
				TARGETED_DEVICE_FAMILY = "1,2";
				TEST_HOST = "$(BUILT_PRODUCTS_DIR)/GBP.app/GBP";
			};
			name = Release;
		};
		E849F507220EB12400938585 /* Debug */ = {
			isa = XCBuildConfiguration;
			buildSettings = {
				ALWAYS_SEARCH_USER_PATHS = NO;
				CLANG_ANALYZER_NONNULL = YES;
				CLANG_ANALYZER_NUMBER_OBJECT_CONVERSION = YES_AGGRESSIVE;
				CLANG_CXX_LANGUAGE_STANDARD = "gnu++14";
				CLANG_CXX_LIBRARY = "libc++";
				CLANG_ENABLE_MODULES = YES;
				CLANG_ENABLE_OBJC_ARC = YES;
				CLANG_ENABLE_OBJC_WEAK = YES;
				CLANG_WARN_BLOCK_CAPTURE_AUTORELEASING = YES;
				CLANG_WARN_BOOL_CONVERSION = YES;
				CLANG_WARN_COMMA = YES;
				CLANG_WARN_CONSTANT_CONVERSION = YES;
				CLANG_WARN_DEPRECATED_OBJC_IMPLEMENTATIONS = YES;
				CLANG_WARN_DIRECT_OBJC_ISA_USAGE = YES_ERROR;
				CLANG_WARN_DOCUMENTATION_COMMENTS = YES;
				CLANG_WARN_EMPTY_BODY = YES;
				CLANG_WARN_ENUM_CONVERSION = YES;
				CLANG_WARN_INFINITE_RECURSION = YES;
				CLANG_WARN_INT_CONVERSION = YES;
				CLANG_WARN_NON_LITERAL_NULL_CONVERSION = YES;
				CLANG_WARN_OBJC_IMPLICIT_RETAIN_SELF = YES;
				CLANG_WARN_OBJC_LITERAL_CONVERSION = YES;
				CLANG_WARN_OBJC_ROOT_CLASS = YES_ERROR;
				CLANG_WARN_RANGE_LOOP_ANALYSIS = YES;
				CLANG_WARN_STRICT_PROTOTYPES = YES;
				CLANG_WARN_SUSPICIOUS_MOVE = YES;
				CLANG_WARN_UNGUARDED_AVAILABILITY = YES_AGGRESSIVE;
				CLANG_WARN_UNREACHABLE_CODE = YES;
				CLANG_WARN__DUPLICATE_METHOD_MATCH = YES;
				CODE_SIGN_IDENTITY = "iPhone Developer";
				COPY_PHASE_STRIP = NO;
				DEBUG_INFORMATION_FORMAT = dwarf;
				ENABLE_STRICT_OBJC_MSGSEND = YES;
				ENABLE_TESTABILITY = YES;
				GCC_C_LANGUAGE_STANDARD = gnu11;
				GCC_DYNAMIC_NO_PIC = NO;
				GCC_NO_COMMON_BLOCKS = YES;
				GCC_OPTIMIZATION_LEVEL = 0;
				GCC_PREPROCESSOR_DEFINITIONS = (
					"DEBUG=1",
					"$(inherited)",
				);
				GCC_WARN_64_TO_32_BIT_CONVERSION = YES;
				GCC_WARN_ABOUT_RETURN_TYPE = YES_ERROR;
				GCC_WARN_UNDECLARED_SELECTOR = YES;
				GCC_WARN_UNINITIALIZED_AUTOS = YES_AGGRESSIVE;
				GCC_WARN_UNUSED_FUNCTION = YES;
				GCC_WARN_UNUSED_VARIABLE = YES;
				IPHONEOS_DEPLOYMENT_TARGET = 12.1;
				MTL_ENABLE_DEBUG_INFO = INCLUDE_SOURCE;
				MTL_FAST_MATH = YES;
				ONLY_ACTIVE_ARCH = YES;
				SDKROOT = iphoneos;
				SWIFT_ACTIVE_COMPILATION_CONDITIONS = DEBUG;
				SWIFT_OPTIMIZATION_LEVEL = "-Onone";
			};
			name = Debug;
		};
		E849F508220EB12400938585 /* Release */ = {
			isa = XCBuildConfiguration;
			buildSettings = {
				ALWAYS_SEARCH_USER_PATHS = NO;
				CLANG_ANALYZER_NONNULL = YES;
				CLANG_ANALYZER_NUMBER_OBJECT_CONVERSION = YES_AGGRESSIVE;
				CLANG_CXX_LANGUAGE_STANDARD = "gnu++14";
				CLANG_CXX_LIBRARY = "libc++";
				CLANG_ENABLE_MODULES = YES;
				CLANG_ENABLE_OBJC_ARC = YES;
				CLANG_ENABLE_OBJC_WEAK = YES;
				CLANG_WARN_BLOCK_CAPTURE_AUTORELEASING = YES;
				CLANG_WARN_BOOL_CONVERSION = YES;
				CLANG_WARN_COMMA = YES;
				CLANG_WARN_CONSTANT_CONVERSION = YES;
				CLANG_WARN_DEPRECATED_OBJC_IMPLEMENTATIONS = YES;
				CLANG_WARN_DIRECT_OBJC_ISA_USAGE = YES_ERROR;
				CLANG_WARN_DOCUMENTATION_COMMENTS = YES;
				CLANG_WARN_EMPTY_BODY = YES;
				CLANG_WARN_ENUM_CONVERSION = YES;
				CLANG_WARN_INFINITE_RECURSION = YES;
				CLANG_WARN_INT_CONVERSION = YES;
				CLANG_WARN_NON_LITERAL_NULL_CONVERSION = YES;
				CLANG_WARN_OBJC_IMPLICIT_RETAIN_SELF = YES;
				CLANG_WARN_OBJC_LITERAL_CONVERSION = YES;
				CLANG_WARN_OBJC_ROOT_CLASS = YES_ERROR;
				CLANG_WARN_RANGE_LOOP_ANALYSIS = YES;
				CLANG_WARN_STRICT_PROTOTYPES = YES;
				CLANG_WARN_SUSPICIOUS_MOVE = YES;
				CLANG_WARN_UNGUARDED_AVAILABILITY = YES_AGGRESSIVE;
				CLANG_WARN_UNREACHABLE_CODE = YES;
				CLANG_WARN__DUPLICATE_METHOD_MATCH = YES;
				CODE_SIGN_IDENTITY = "iPhone Developer";
				COPY_PHASE_STRIP = NO;
				DEBUG_INFORMATION_FORMAT = "dwarf-with-dsym";
				ENABLE_NS_ASSERTIONS = NO;
				ENABLE_STRICT_OBJC_MSGSEND = YES;
				GCC_C_LANGUAGE_STANDARD = gnu11;
				GCC_NO_COMMON_BLOCKS = YES;
				GCC_WARN_64_TO_32_BIT_CONVERSION = YES;
				GCC_WARN_ABOUT_RETURN_TYPE = YES_ERROR;
				GCC_WARN_UNDECLARED_SELECTOR = YES;
				GCC_WARN_UNINITIALIZED_AUTOS = YES_AGGRESSIVE;
				GCC_WARN_UNUSED_FUNCTION = YES;
				GCC_WARN_UNUSED_VARIABLE = YES;
				IPHONEOS_DEPLOYMENT_TARGET = 12.1;
				MTL_ENABLE_DEBUG_INFO = NO;
				MTL_FAST_MATH = YES;
				SDKROOT = iphoneos;
				SWIFT_COMPILATION_MODE = wholemodule;
				SWIFT_OPTIMIZATION_LEVEL = "-O";
				VALIDATE_PRODUCT = YES;
			};
			name = Release;
		};
		E849F50A220EB12400938585 /* Debug */ = {
			isa = XCBuildConfiguration;
			baseConfigurationReference = 57AE94A6BDC35D52B6BA4531 /* Pods-GBP.debug.xcconfig */;
			buildSettings = {
				ASSETCATALOG_COMPILER_APPICON_NAME = AppIcon;
				CODE_SIGN_STYLE = Automatic;
				INFOPLIST_FILE = GBP/Info.plist;
				LD_RUNPATH_SEARCH_PATHS = (
					"$(inherited)",
					"@executable_path/Frameworks",
				);
				PRODUCT_BUNDLE_IDENTIFIER = com.Nineleaps.GBP;
				PRODUCT_NAME = "$(TARGET_NAME)";
				SWIFT_VERSION = 4.2;
				TARGETED_DEVICE_FAMILY = "1,2";
			};
			name = Debug;
		};
		E849F50B220EB12400938585 /* Release */ = {
			isa = XCBuildConfiguration;
			baseConfigurationReference = 8ECFE02D3FA7F2C2FC01AF2E /* Pods-GBP.release.xcconfig */;
			buildSettings = {
				ASSETCATALOG_COMPILER_APPICON_NAME = AppIcon;
				CODE_SIGN_STYLE = Automatic;
				INFOPLIST_FILE = GBP/Info.plist;
				LD_RUNPATH_SEARCH_PATHS = (
					"$(inherited)",
					"@executable_path/Frameworks",
				);
				PRODUCT_BUNDLE_IDENTIFIER = com.Nineleaps.GBP;
				PRODUCT_NAME = "$(TARGET_NAME)";
				SWIFT_VERSION = 4.2;
				TARGETED_DEVICE_FAMILY = "1,2";
			};
			name = Release;
		};
/* End XCBuildConfiguration section */

/* Begin XCConfigurationList section */
		E800FC7A221C13A200E9CD6C /* Build configuration list for PBXNativeTarget "GBPTests" */ = {
			isa = XCConfigurationList;
			buildConfigurations = (
				E800FC78221C13A200E9CD6C /* Debug */,
				E800FC79221C13A200E9CD6C /* Release */,
			);
			defaultConfigurationIsVisible = 0;
			defaultConfigurationName = Release;
		};
		E849F4F2220EB12300938585 /* Build configuration list for PBXProject "GBP" */ = {
			isa = XCConfigurationList;
			buildConfigurations = (
				E849F507220EB12400938585 /* Debug */,
				E849F508220EB12400938585 /* Release */,
			);
			defaultConfigurationIsVisible = 0;
			defaultConfigurationName = Release;
		};
		E849F509220EB12400938585 /* Build configuration list for PBXNativeTarget "GBP" */ = {
			isa = XCConfigurationList;
			buildConfigurations = (
				E849F50A220EB12400938585 /* Debug */,
				E849F50B220EB12400938585 /* Release */,
			);
			defaultConfigurationIsVisible = 0;
			defaultConfigurationName = Release;
		};
/* End XCConfigurationList section */
	};
	rootObject = E849F4EF220EB12300938585 /* Project object */;
}
